{
  "object": {
    "pins": [
      {
        "package": "CLibreSSL",
        "repositoryURL": "https://github.com/vapor/clibressl.git",
        "state": {
          "branch": null,
          "revision": "23ddb296981d17a8ee6c7418742a40cad5d2f9d0",
          "version": "1.0.0"
        }
      },
      {
        "package": "ProrsumNet",
        "repositoryURL": "https://github.com/noppoMan/ProrsumNet.git",
        "state": {
          "branch": null,
          "revision": "627eb273db4c37791aacd78ae8aef4da30f95bcb",
          "version": "0.1.2"
        }
      }
    ]
  },
  "version": 1
}
